
Microsoft Visual Studio Solution File, Format Version 12.00
# Visual Studio Version 17
VisualStudioVersion = 17.11.35312.102
MinimumVisualStudioVersion = 10.0.40219.1
Project("{FAE04EC0-301F-11D3-BF4B-00C04F79EFBC}") = "Widgitpelago", "Widgitpelago\Widgitpelago.csproj", "{D2220714-AA29-4CA3-9F61-3CA7E7770BDB}"
EndProject
Global
	GlobalSection(SolutionConfigurationPlatforms) = preSolution
		Debug|Any CPU = Debug|Any CPU
		Release|Any CPU = Release|Any CPU
	EndGlobalSection
	GlobalSection(ProjectConfigurationPlatforms) = postSolution
		{D2220714-AA29-4CA3-9F61-3CA7E7770BDB}.Debug|Any CPU.ActiveCfg = Debug|Any CPU
		{D2220714-AA29-4CA3-9F61-3CA7E7770BDB}.Debug|Any CPU.Build.0 = Debug|Any CPU
		{D2220714-AA29-4CA3-9F61-3CA7E7770BDB}.Release|Any CPU.ActiveCfg = Release|Any CPU
		{D2220714-AA29-4CA3-9F61-3CA7E7770BDB}.Release|Any CPU.Build.0 = Release|Any CPU
	EndGlobalSection
	GlobalSection(SolutionProperties) = preSolution
		HideSolutionNode = FALSE
	EndGlobalSection
	GlobalSection(ExtensibilityGlobals) = postSolution
		SolutionGuid = {85735625-7CFD-463E-8B7A-25E9A68C88C8}
	EndGlobalSection
EndGlobal
